PODS:
  - BTNavigationDropdownMenu (0.4.1)
  - Kingfisher (4.8.1)
  - SwiftyJSON (4.1.0)

DEPENDENCIES:
  - BTNavigationDropdownMenu (from `https://github.com/zkrige/BTNavigationDropdownMenu.git`)
  - Kingfisher (~> 4.8.1)
  - SwiftyJSON (~> 4.0)

SPEC REPOS:
  https://github.com/CocoaPods/Specs.git:
    - Kingfisher
    - SwiftyJSON

EXTERNAL SOURCES:
  BTNavigationDropdownMenu:
    :git: https://github.com/zkrige/BTNavigationDropdownMenu.git

CHECKOUT OPTIONS:
  BTNavigationDropdownMenu:
    :commit: 0e1bd3a84079f1bdec8bffc4db0f383bd9ee7523
    :git: https://github.com/zkrige/BTNavigationDropdownMenu.git

SPEC CHECKSUMS:
  BTNavigationDropdownMenu: 4a88996ad514f2feff98481eb2d6a5cb7520f76c
  Kingfisher: 868c1149679a7ab6869be118faa9b5aed154aaf0
  SwiftyJSON: c29297daf073d2aa016295d5809cdd68045c39b3

PODFILE CHECKSUM: c40d8ca3b8c562f031c6a448ca23a1b60a1e6a4b

COCOAPODS: 1.5.0
