// !$*UTF8*$!
{
	archiveVersion = 1;
	classes = {
	};
	objectVersion = 50;
	objects = {

/* Begin PBXBuildFile section */
		2D324B83212D5D9000BC19C9 /* FirstController.swift in Sources */ = {isa = PBXBuildFile; fileRef = 2D324B82212D5D9000BC19C9 /* FirstController.swift */; };
		2D324B87212D601A00BC19C9 /* Data.swift in Sources */ = {isa = PBXBuildFile; fileRef = 2D324B86212D601A00BC19C9 /* Data.swift */; };
		2D67BAE9213E8DB9007F5CB3 /* UIView.swift in Sources */ = {isa = PBXBuildFile; fileRef = 2D67BAE8213E8DB9007F5CB3 /* UIView.swift */; };
		2DC6FAD8213E5A94002BECD2 /* Kingfisher.framework in Frameworks */ = {isa = PBXBuildFile; fileRef = 2DC6FAD4213E59D3002BECD2 /* Kingfisher.framework */; };
		2DC6FAD9213E5A94002BECD2 /* Kingfisher.framework in Embed Frameworks */ = {isa = PBXBuildFile; fileRef = 2DC6FAD4213E59D3002BECD2 /* Kingfisher.framework */; settings = {ATTRIBUTES = (CodeSignOnCopy, RemoveHeadersOnCopy, ); }; };
		2DD3B642213D277C000EECCE /* MiniPlayer.swift in Sources */ = {isa = PBXBuildFile; fileRef = 2DD3B640213D277C000EECCE /* MiniPlayer.swift */; };
		2DD3B645213D2788000EECCE /* FullScreenPlayer.swift in Sources */ = {isa = PBXBuildFile; fileRef = 2DD3B644213D2787000EECCE /* FullScreenPlayer.swift */; };
		2DD3B646213D297D000EECCE /* LNPopupController.framework in Frameworks */ = {isa = PBXBuildFile; fileRef = 2D324B69212C3C5400BC19C9 /* LNPopupController.framework */; };
		2DD3B647213D297D000EECCE /* LNPopupController.framework in Embed Frameworks */ = {isa = PBXBuildFile; fileRef = 2D324B69212C3C5400BC19C9 /* LNPopupController.framework */; settings = {ATTRIBUTES = (CodeSignOnCopy, RemoveHeadersOnCopy, ); }; };
		2DD3B64A213D29B9000EECCE /* AudioInfo.swift in Sources */ = {isa = PBXBuildFile; fileRef = 2DD3B649213D29B9000EECCE /* AudioInfo.swift */; };
		8CDCAA4221384FAA004A0B49 /* AudioURLTrack.swift in Sources */ = {isa = PBXBuildFile; fileRef = 8CDCAA3321384FAA004A0B49 /* AudioURLTrack.swift */; };
		8CDCAA4321384FAA004A0B49 /* AudioTrack.swift in Sources */ = {isa = PBXBuildFile; fileRef = 8CDCAA3421384FAA004A0B49 /* AudioTrack.swift */; };
		8CDCAA4421384FAA004A0B49 /* AVAsset+Metadata.swift in Sources */ = {isa = PBXBuildFile; fileRef = 8CDCAA3521384FAA004A0B49 /* AVAsset+Metadata.swift */; };
		8CDCAA4521384FAA004A0B49 /* MPMediaItem+AudioPlayerManager.swift in Sources */ = {isa = PBXBuildFile; fileRef = 8CDCAA3621384FAA004A0B49 /* MPMediaItem+AudioPlayerManager.swift */; };
		8CDCAA4621384FAA004A0B49 /* AudioPlayerManager.swift in Sources */ = {isa = PBXBuildFile; fileRef = 8CDCAA3821384FAA004A0B49 /* AudioPlayerManager.swift */; };
		8CDCAA4821384FAA004A0B49 /* AudioPlayerManager+RemoteControl.swift in Sources */ = {isa = PBXBuildFile; fileRef = 8CDCAA3A21384FAA004A0B49 /* AudioPlayerManager+RemoteControl.swift */; };
		8CDCAA4921384FAA004A0B49 /* AudioPlayerManager+URL.swift in Sources */ = {isa = PBXBuildFile; fileRef = 8CDCAA3B21384FAA004A0B49 /* AudioPlayerManager+URL.swift */; };
		8CDCAA4A21384FAA004A0B49 /* Log.swift in Sources */ = {isa = PBXBuildFile; fileRef = 8CDCAA3D21384FAA004A0B49 /* Log.swift */; };
		8CDCAA4C21384FAA004A0B49 /* AudioTracksQueue.swift in Sources */ = {isa = PBXBuildFile; fileRef = 8CDCAA3F21384FAA004A0B49 /* AudioTracksQueue.swift */; };
		DE394FAE2122F651006B29B2 /* AppDelegate.swift in Sources */ = {isa = PBXBuildFile; fileRef = DE394FAD2122F651006B29B2 /* AppDelegate.swift */; };
		DE394FB32122F651006B29B2 /* Main.storyboard in Resources */ = {isa = PBXBuildFile; fileRef = DE394FB12122F651006B29B2 /* Main.storyboard */; };
		DE394FB52122F655006B29B2 /* Assets.xcassets in Resources */ = {isa = PBXBuildFile; fileRef = DE394FB42122F655006B29B2 /* Assets.xcassets */; };
		DE394FB82122F655006B29B2 /* LaunchScreen.storyboard in Resources */ = {isa = PBXBuildFile; fileRef = DE394FB62122F655006B29B2 /* LaunchScreen.storyboard */; };
/* End PBXBuildFile section */

/* Begin PBXCopyFilesBuildPhase section */
		2DD3B648213D297D000EECCE /* Embed Frameworks */ = {
			isa = PBXCopyFilesBuildPhase;
			buildActionMask = 2147483647;
			dstPath = "";
			dstSubfolderSpec = 10;
			files = (
				2DC6FAD9213E5A94002BECD2 /* Kingfisher.framework in Embed Frameworks */,
				2DD3B647213D297D000EECCE /* LNPopupController.framework in Embed Frameworks */,
			);
			name = "Embed Frameworks";
			runOnlyForDeploymentPostprocessing = 0;
		};
/* End PBXCopyFilesBuildPhase section */

/* Begin PBXFileReference section */
		2D324B69212C3C5400BC19C9 /* LNPopupController.framework */ = {isa = PBXFileReference; lastKnownFileType = wrapper.framework; path = LNPopupController.framework; sourceTree = "<group>"; };
		2D324B82212D5D9000BC19C9 /* FirstController.swift */ = {isa = PBXFileReference; lastKnownFileType = sourcecode.swift; path = FirstController.swift; sourceTree = "<group>"; };
		2D324B86212D601A00BC19C9 /* Data.swift */ = {isa = PBXFileReference; lastKnownFileType = sourcecode.swift; path = Data.swift; sourceTree = "<group>"; };
		2D67BAE8213E8DB9007F5CB3 /* UIView.swift */ = {isa = PBXFileReference; lastKnownFileType = sourcecode.swift; path = UIView.swift; sourceTree = "<group>"; };
		2DC6FAD4213E59D3002BECD2 /* Kingfisher.framework */ = {isa = PBXFileReference; lastKnownFileType = wrapper.framework; path = Kingfisher.framework; sourceTree = "<group>"; };
		2DD3B640213D277C000EECCE /* MiniPlayer.swift */ = {isa = PBXFileReference; fileEncoding = 4; lastKnownFileType = sourcecode.swift; path = MiniPlayer.swift; sourceTree = "<group>"; };
		2DD3B644213D2787000EECCE /* FullScreenPlayer.swift */ = {isa = PBXFileReference; fileEncoding = 4; lastKnownFileType = sourcecode.swift; path = FullScreenPlayer.swift; sourceTree = "<group>"; };
		2DD3B649213D29B9000EECCE /* AudioInfo.swift */ = {isa = PBXFileReference; lastKnownFileType = sourcecode.swift; path = AudioInfo.swift; sourceTree = "<group>"; };
		8CDCAA3321384FAA004A0B49 /* AudioURLTrack.swift */ = {isa = PBXFileReference; fileEncoding = 4; lastKnownFileType = sourcecode.swift; path = AudioURLTrack.swift; sourceTree = "<group>"; };
		8CDCAA3421384FAA004A0B49 /* AudioTrack.swift */ = {isa = PBXFileReference; fileEncoding = 4; lastKnownFileType = sourcecode.swift; path = AudioTrack.swift; sourceTree = "<group>"; };
		8CDCAA3521384FAA004A0B49 /* AVAsset+Metadata.swift */ = {isa = PBXFileReference; fileEncoding = 4; lastKnownFileType = sourcecode.swift; path = "AVAsset+Metadata.swift"; sourceTree = "<group>"; };
		8CDCAA3621384FAA004A0B49 /* MPMediaItem+AudioPlayerManager.swift */ = {isa = PBXFileReference; fileEncoding = 4; lastKnownFileType = sourcecode.swift; path = "MPMediaItem+AudioPlayerManager.swift"; sourceTree = "<group>"; };
		8CDCAA3821384FAA004A0B49 /* AudioPlayerManager.swift */ = {isa = PBXFileReference; fileEncoding = 4; lastKnownFileType = sourcecode.swift; path = AudioPlayerManager.swift; sourceTree = "<group>"; };
		8CDCAA3A21384FAA004A0B49 /* AudioPlayerManager+RemoteControl.swift */ = {isa = PBXFileReference; fileEncoding = 4; lastKnownFileType = sourcecode.swift; path = "AudioPlayerManager+RemoteControl.swift"; sourceTree = "<group>"; };
		8CDCAA3B21384FAA004A0B49 /* AudioPlayerManager+URL.swift */ = {isa = PBXFileReference; fileEncoding = 4; lastKnownFileType = sourcecode.swift; path = "AudioPlayerManager+URL.swift"; sourceTree = "<group>"; };
		8CDCAA3D21384FAA004A0B49 /* Log.swift */ = {isa = PBXFileReference; fileEncoding = 4; lastKnownFileType = sourcecode.swift; path = Log.swift; sourceTree = "<group>"; };
		8CDCAA3F21384FAA004A0B49 /* AudioTracksQueue.swift */ = {isa = PBXFileReference; fileEncoding = 4; lastKnownFileType = sourcecode.swift; path = AudioTracksQueue.swift; sourceTree = "<group>"; };
		DE394FAA2122F651006B29B2 /* MusicPlayer.app */ = {isa = PBXFileReference; explicitFileType = wrapper.application; includeInIndex = 0; path = MusicPlayer.app; sourceTree = BUILT_PRODUCTS_DIR; };
		DE394FAD2122F651006B29B2 /* AppDelegate.swift */ = {isa = PBXFileReference; lastKnownFileType = sourcecode.swift; path = AppDelegate.swift; sourceTree = "<group>"; };
		DE394FB22122F651006B29B2 /* Base */ = {isa = PBXFileReference; lastKnownFileType = file.storyboard; name = Base; path = Base.lproj/Main.storyboard; sourceTree = "<group>"; };
		DE394FB42122F655006B29B2 /* Assets.xcassets */ = {isa = PBXFileReference; lastKnownFileType = folder.assetcatalog; path = Assets.xcassets; sourceTree = "<group>"; };
		DE394FB72122F655006B29B2 /* Base */ = {isa = PBXFileReference; lastKnownFileType = file.storyboard; name = Base; path = Base.lproj/LaunchScreen.storyboard; sourceTree = "<group>"; };
		DE394FB92122F655006B29B2 /* Info.plist */ = {isa = PBXFileReference; lastKnownFileType = text.plist.xml; path = Info.plist; sourceTree = "<group>"; };
/* End PBXFileReference section */

/* Begin PBXFrameworksBuildPhase section */
		DE394FA72122F651006B29B2 /* Frameworks */ = {
			isa = PBXFrameworksBuildPhase;
			buildActionMask = 2147483647;
			files = (
				2DC6FAD8213E5A94002BECD2 /* Kingfisher.framework in Frameworks */,
				2DD3B646213D297D000EECCE /* LNPopupController.framework in Frameworks */,
			);
			runOnlyForDeploymentPostprocessing = 0;
		};
/* End PBXFrameworksBuildPhase section */

/* Begin PBXGroup section */
		2D324B7F212D5BB800BC19C9 /* Player */ = {
			isa = PBXGroup;
			children = (
				8CDCAA2E21384FAA004A0B49 /* Core */,
				2DD3B644213D2787000EECCE /* FullScreenPlayer.swift */,
				2DD3B640213D277C000EECCE /* MiniPlayer.swift */,
				2D324B86212D601A00BC19C9 /* Data.swift */,
				2DD3B649213D29B9000EECCE /* AudioInfo.swift */,
			);
			path = Player;
			sourceTree = "<group>";
		};
		2DD3B63F213D25FB000EECCE /* src */ = {
			isa = PBXGroup;
			children = (
				2D67BAE8213E8DB9007F5CB3 /* UIView.swift */,
				2D324B7F212D5BB800BC19C9 /* Player */,
			);
			path = src;
			sourceTree = "<group>";
		};
		8CDCAA2E21384FAA004A0B49 /* Core */ = {
			isa = PBXGroup;
			children = (
				8CDCAA2F21384FAA004A0B49 /* Public */,
				8CDCAA3C21384FAA004A0B49 /* Private */,
			);
			path = Core;
			sourceTree = "<group>";
		};
		8CDCAA2F21384FAA004A0B49 /* Public */ = {
			isa = PBXGroup;
			children = (
				8CDCAA3321384FAA004A0B49 /* AudioURLTrack.swift */,
				8CDCAA3421384FAA004A0B49 /* AudioTrack.swift */,
				8CDCAA3521384FAA004A0B49 /* AVAsset+Metadata.swift */,
				8CDCAA3621384FAA004A0B49 /* MPMediaItem+AudioPlayerManager.swift */,
				8CDCAA3721384FAA004A0B49 /* Player */,
			);
			path = Public;
			sourceTree = "<group>";
		};
		8CDCAA3721384FAA004A0B49 /* Player */ = {
			isa = PBXGroup;
			children = (
				8CDCAA3821384FAA004A0B49 /* AudioPlayerManager.swift */,
				8CDCAA3A21384FAA004A0B49 /* AudioPlayerManager+RemoteControl.swift */,
				8CDCAA3B21384FAA004A0B49 /* AudioPlayerManager+URL.swift */,
			);
			path = Player;
			sourceTree = "<group>";
		};
		8CDCAA3C21384FAA004A0B49 /* Private */ = {
			isa = PBXGroup;
			children = (
				8CDCAA3D21384FAA004A0B49 /* Log.swift */,
				8CDCAA3F21384FAA004A0B49 /* AudioTracksQueue.swift */,
			);
			path = Private;
			sourceTree = "<group>";
		};
		DE394FA12122F651006B29B2 = {
			isa = PBXGroup;
			children = (
				2DC6FAD4213E59D3002BECD2 /* Kingfisher.framework */,
				2D324B69212C3C5400BC19C9 /* LNPopupController.framework */,
				2DD3B63F213D25FB000EECCE /* src */,
				DE394FB12122F651006B29B2 /* Main.storyboard */,
				DE394FAC2122F651006B29B2 /* MusicPlayer */,
				DE394FAB2122F651006B29B2 /* Products */,
			);
			sourceTree = "<group>";
		};
		DE394FAB2122F651006B29B2 /* Products */ = {
			isa = PBXGroup;
			children = (
				DE394FAA2122F651006B29B2 /* MusicPlayer.app */,
			);
			name = Products;
			sourceTree = "<group>";
		};
		DE394FAC2122F651006B29B2 /* MusicPlayer */ = {
			isa = PBXGroup;
			children = (
				2D324B82212D5D9000BC19C9 /* FirstController.swift */,
				DE394FAD2122F651006B29B2 /* AppDelegate.swift */,
				DE394FB42122F655006B29B2 /* Assets.xcassets */,
				DE394FB62122F655006B29B2 /* LaunchScreen.storyboard */,
				DE394FB92122F655006B29B2 /* Info.plist */,
			);
			path = MusicPlayer;
			sourceTree = "<group>";
		};
/* End PBXGroup section */

/* Begin PBXNativeTarget section */
		DE394FA92122F651006B29B2 /* MusicPlayer */ = {
			isa = PBXNativeTarget;
			buildConfigurationList = DE394FBC2122F655006B29B2 /* Build configuration list for PBXNativeTarget "MusicPlayer" */;
			buildPhases = (
				DE394FA62122F651006B29B2 /* Sources */,
				DE394FA72122F651006B29B2 /* Frameworks */,
				DE394FA82122F651006B29B2 /* Resources */,
				2DD3B63C213D2514000EECCE /* swiftlint */,
				2DD3B648213D297D000EECCE /* Embed Frameworks */,
			);
			buildRules = (
			);
			dependencies = (
			);
			name = MusicPlayer;
			productName = MusicPlayer;
			productReference = DE394FAA2122F651006B29B2 /* MusicPlayer.app */;
			productType = "com.apple.product-type.application";
		};
/* End PBXNativeTarget section */

/* Begin PBXProject section */
		DE394FA22122F651006B29B2 /* Project object */ = {
			isa = PBXProject;
			attributes = {
				LastSwiftUpdateCheck = 0940;
				LastUpgradeCheck = 0940;
				ORGANIZATIONNAME = "Solution Analysts";
				TargetAttributes = {
					DE394FA92122F651006B29B2 = {
						CreatedOnToolsVersion = 9.4.1;
						SystemCapabilities = {
							com.apple.BackgroundModes = {
								enabled = 1;
							};
						};
					};
				};
			};
			buildConfigurationList = DE394FA52122F651006B29B2 /* Build configuration list for PBXProject "MusicPlayer" */;
			compatibilityVersion = "Xcode 9.3";
			developmentRegion = en;
			hasScannedForEncodings = 0;
			knownRegions = (
				en,
				Base,
				de,
				uk,
				es,
				it,
				be,
				ru,
				fi,
			);
			mainGroup = DE394FA12122F651006B29B2;
			productRefGroup = DE394FAB2122F651006B29B2 /* Products */;
			projectDirPath = "";
			projectRoot = "";
			targets = (
				DE394FA92122F651006B29B2 /* MusicPlayer */,
			);
		};
/* End PBXProject section */

/* Begin PBXResourcesBuildPhase section */
		DE394FA82122F651006B29B2 /* Resources */ = {
			isa = PBXResourcesBuildPhase;
			buildActionMask = 2147483647;
			files = (
				DE394FB82122F655006B29B2 /* LaunchScreen.storyboard in Resources */,
				DE394FB52122F655006B29B2 /* Assets.xcassets in Resources */,
				DE394FB32122F651006B29B2 /* Main.storyboard in Resources */,
			);
			runOnlyForDeploymentPostprocessing = 0;
		};
/* End PBXResourcesBuildPhase section */

/* Begin PBXShellScriptBuildPhase section */
		2DD3B63C213D2514000EECCE /* swiftlint */ = {
			isa = PBXShellScriptBuildPhase;
			buildActionMask = 2147483647;
			files = (
			);
			inputPaths = (
			);
			name = swiftlint;
			outputPaths = (
			);
			runOnlyForDeploymentPostprocessing = 0;
			shellPath = /bin/sh;
			shellScript = "if which swiftlint >/dev/null; then\nswiftlint\nelse\necho \"warning: SwiftLint not installed, download from https://github.com/realm/SwiftLint\"\nfi";
		};
/* End PBXShellScriptBuildPhase section */

/* Begin PBXSourcesBuildPhase section */
		DE394FA62122F651006B29B2 /* Sources */ = {
			isa = PBXSourcesBuildPhase;
			buildActionMask = 2147483647;
			files = (
				2D67BAE9213E8DB9007F5CB3 /* UIView.swift in Sources */,
				8CDCAA4A21384FAA004A0B49 /* Log.swift in Sources */,
				8CDCAA4221384FAA004A0B49 /* AudioURLTrack.swift in Sources */,
				2DD3B64A213D29B9000EECCE /* AudioInfo.swift in Sources */,
				2DD3B645213D2788000EECCE /* FullScreenPlayer.swift in Sources */,
				2D324B87212D601A00BC19C9 /* Data.swift in Sources */,
				DE394FAE2122F651006B29B2 /* AppDelegate.swift in Sources */,
				8CDCAA4521384FAA004A0B49 /* MPMediaItem+AudioPlayerManager.swift in Sources */,
				8CDCAA4821384FAA004A0B49 /* AudioPlayerManager+RemoteControl.swift in Sources */,
				2DD3B642213D277C000EECCE /* MiniPlayer.swift in Sources */,
				8CDCAA4621384FAA004A0B49 /* AudioPlayerManager.swift in Sources */,
				8CDCAA4321384FAA004A0B49 /* AudioTrack.swift in Sources */,
				8CDCAA4921384FAA004A0B49 /* AudioPlayerManager+URL.swift in Sources */,
				8CDCAA4C21384FAA004A0B49 /* AudioTracksQueue.swift in Sources */,
				8CDCAA4421384FAA004A0B49 /* AVAsset+Metadata.swift in Sources */,
				2D324B83212D5D9000BC19C9 /* FirstController.swift in Sources */,
			);
			runOnlyForDeploymentPostprocessing = 0;
		};
/* End PBXSourcesBuildPhase section */

/* Begin PBXVariantGroup section */
		DE394FB12122F651006B29B2 /* Main.storyboard */ = {
			isa = PBXVariantGroup;
			children = (
				DE394FB22122F651006B29B2 /* Base */,
			);
			name = Main.storyboard;
			sourceTree = "<group>";
		};
		DE394FB62122F655006B29B2 /* LaunchScreen.storyboard */ = {
			isa = PBXVariantGroup;
			children = (
				DE394FB72122F655006B29B2 /* Base */,
			);
			name = LaunchScreen.storyboard;
			sourceTree = "<group>";
		};
/* End PBXVariantGroup section */

/* Begin XCBuildConfiguration section */
		DE394FBA2122F655006B29B2 /* Debug */ = {
			isa = XCBuildConfiguration;
			buildSettings = {
				ALWAYS_SEARCH_USER_PATHS = NO;
				CLANG_ANALYZER_NONNULL = YES;
				CLANG_ANALYZER_NUMBER_OBJECT_CONVERSION = YES_AGGRESSIVE;
				CLANG_CXX_LANGUAGE_STANDARD = "gnu++14";
				CLANG_CXX_LIBRARY = "libc++";
				CLANG_ENABLE_MODULES = YES;
				CLANG_ENABLE_OBJC_ARC = YES;
				CLANG_ENABLE_OBJC_WEAK = YES;
				CLANG_WARN_BLOCK_CAPTURE_AUTORELEASING = YES;
				CLANG_WARN_BOOL_CONVERSION = YES;
				CLANG_WARN_COMMA = YES;
				CLANG_WARN_CONSTANT_CONVERSION = YES;
				CLANG_WARN_DEPRECATED_OBJC_IMPLEMENTATIONS = YES;
				CLANG_WARN_DIRECT_OBJC_ISA_USAGE = YES_ERROR;
				CLANG_WARN_DOCUMENTATION_COMMENTS = YES;
				CLANG_WARN_EMPTY_BODY = YES;
				CLANG_WARN_ENUM_CONVERSION = YES;
				CLANG_WARN_INFINITE_RECURSION = YES;
				CLANG_WARN_INT_CONVERSION = YES;
				CLANG_WARN_NON_LITERAL_NULL_CONVERSION = YES;
				CLANG_WARN_OBJC_IMPLICIT_RETAIN_SELF = YES;
				CLANG_WARN_OBJC_LITERAL_CONVERSION = YES;
				CLANG_WARN_OBJC_ROOT_CLASS = YES_ERROR;
				CLANG_WARN_RANGE_LOOP_ANALYSIS = YES;
				CLANG_WARN_STRICT_PROTOTYPES = YES;
				CLANG_WARN_SUSPICIOUS_MOVE = YES;
				CLANG_WARN_UNGUARDED_AVAILABILITY = YES_AGGRESSIVE;
				CLANG_WARN_UNREACHABLE_CODE = YES;
				CLANG_WARN__DUPLICATE_METHOD_MATCH = YES;
				CODE_SIGN_IDENTITY = "iPhone Developer";
				COPY_PHASE_STRIP = NO;
				DEBUG_INFORMATION_FORMAT = dwarf;
				ENABLE_STRICT_OBJC_MSGSEND = YES;
				ENABLE_TESTABILITY = YES;
				GCC_C_LANGUAGE_STANDARD = gnu11;
				GCC_DYNAMIC_NO_PIC = NO;
				GCC_NO_COMMON_BLOCKS = YES;
				GCC_OPTIMIZATION_LEVEL = 0;
				GCC_PREPROCESSOR_DEFINITIONS = (
					"DEBUG=1",
					"$(inherited)",
				);
				GCC_WARN_64_TO_32_BIT_CONVERSION = YES;
				GCC_WARN_ABOUT_RETURN_TYPE = YES_ERROR;
				GCC_WARN_UNDECLARED_SELECTOR = YES;
				GCC_WARN_UNINITIALIZED_AUTOS = YES_AGGRESSIVE;
				GCC_WARN_UNUSED_FUNCTION = YES;
				GCC_WARN_UNUSED_VARIABLE = YES;
				IPHONEOS_DEPLOYMENT_TARGET = 11.4;
				MTL_ENABLE_DEBUG_INFO = YES;
				ONLY_ACTIVE_ARCH = YES;
				SDKROOT = iphoneos;
				SWIFT_ACTIVE_COMPILATION_CONDITIONS = DEBUG;
				SWIFT_OPTIMIZATION_LEVEL = "-Onone";
			};
			name = Debug;
		};
		DE394FBB2122F655006B29B2 /* Release */ = {
			isa = XCBuildConfiguration;
			buildSettings = {
				ALWAYS_SEARCH_USER_PATHS = NO;
				CLANG_ANALYZER_NONNULL = YES;
				CLANG_ANALYZER_NUMBER_OBJECT_CONVERSION = YES_AGGRESSIVE;
				CLANG_CXX_LANGUAGE_STANDARD = "gnu++14";
				CLANG_CXX_LIBRARY = "libc++";
				CLANG_ENABLE_MODULES = YES;
				CLANG_ENABLE_OBJC_ARC = YES;
				CLANG_ENABLE_OBJC_WEAK = YES;
				CLANG_WARN_BLOCK_CAPTURE_AUTORELEASING = YES;
				CLANG_WARN_BOOL_CONVERSION = YES;
				CLANG_WARN_COMMA = YES;
				CLANG_WARN_CONSTANT_CONVERSION = YES;
				CLANG_WARN_DEPRECATED_OBJC_IMPLEMENTATIONS = YES;
				CLANG_WARN_DIRECT_OBJC_ISA_USAGE = YES_ERROR;
				CLANG_WARN_DOCUMENTATION_COMMENTS = YES;
				CLANG_WARN_EMPTY_BODY = YES;
				CLANG_WARN_ENUM_CONVERSION = YES;
				CLANG_WARN_INFINITE_RECURSION = YES;
				CLANG_WARN_INT_CONVERSION = YES;
				CLANG_WARN_NON_LITERAL_NULL_CONVERSION = YES;
				CLANG_WARN_OBJC_IMPLICIT_RETAIN_SELF = YES;
				CLANG_WARN_OBJC_LITERAL_CONVERSION = YES;
				CLANG_WARN_OBJC_ROOT_CLASS = YES_ERROR;
				CLANG_WARN_RANGE_LOOP_ANALYSIS = YES;
				CLANG_WARN_STRICT_PROTOTYPES = YES;
				CLANG_WARN_SUSPICIOUS_MOVE = YES;
				CLANG_WARN_UNGUARDED_AVAILABILITY = YES_AGGRESSIVE;
				CLANG_WARN_UNREACHABLE_CODE = YES;
				CLANG_WARN__DUPLICATE_METHOD_MATCH = YES;
				CODE_SIGN_IDENTITY = "iPhone Developer";
				COPY_PHASE_STRIP = NO;
				DEBUG_INFORMATION_FORMAT = "dwarf-with-dsym";
				ENABLE_NS_ASSERTIONS = NO;
				ENABLE_STRICT_OBJC_MSGSEND = YES;
				GCC_C_LANGUAGE_STANDARD = gnu11;
				GCC_NO_COMMON_BLOCKS = YES;
				GCC_WARN_64_TO_32_BIT_CONVERSION = YES;
				GCC_WARN_ABOUT_RETURN_TYPE = YES_ERROR;
				GCC_WARN_UNDECLARED_SELECTOR = YES;
				GCC_WARN_UNINITIALIZED_AUTOS = YES_AGGRESSIVE;
				GCC_WARN_UNUSED_FUNCTION = YES;
				GCC_WARN_UNUSED_VARIABLE = YES;
				IPHONEOS_DEPLOYMENT_TARGET = 11.4;
				MTL_ENABLE_DEBUG_INFO = NO;
				SDKROOT = iphoneos;
				SWIFT_COMPILATION_MODE = wholemodule;
				SWIFT_OPTIMIZATION_LEVEL = "-O";
				VALIDATE_PRODUCT = YES;
			};
			name = Release;
		};
		DE394FBD2122F655006B29B2 /* Debug */ = {
			isa = XCBuildConfiguration;
			buildSettings = {
				ASSETCATALOG_COMPILER_APPICON_NAME = AppIcon;
				CODE_SIGN_IDENTITY = "iPhone Developer";
				CODE_SIGN_STYLE = Automatic;
				DEVELOPMENT_TEAM = 9F7K8HV529;
				FRAMEWORK_SEARCH_PATHS = (
					"$(inherited)",
					"$(PROJECT_DIR)/MusicPlayer/Music/VKMusic/Library/Resources/Products/iOS",
					"$(PROJECT_DIR)/MusicPlayer",
					"$(PROJECT_DIR)/src",
					"$(PROJECT_DIR)",
				);
				INFOPLIST_FILE = MusicPlayer/Info.plist;
				IPHONEOS_DEPLOYMENT_TARGET = 10.0;
				LD_RUNPATH_SEARCH_PATHS = (
					"$(inherited)",
					"@executable_path/Frameworks",
				);
				PRODUCT_BUNDLE_IDENTIFIER = com.erbittuu.test;
				PRODUCT_NAME = "$(TARGET_NAME)";
				PROVISIONING_PROFILE = "";
				PROVISIONING_PROFILE_SPECIFIER = "";
				SWIFT_VERSION = 4.0;
				TARGETED_DEVICE_FAMILY = "1,2";
			};
			name = Debug;
		};
		DE394FBE2122F655006B29B2 /* Release */ = {
			isa = XCBuildConfiguration;
			buildSettings = {
				ASSETCATALOG_COMPILER_APPICON_NAME = AppIcon;
				CODE_SIGN_IDENTITY = "iPhone Developer";
				CODE_SIGN_STYLE = Automatic;
				DEVELOPMENT_TEAM = 9F7K8HV529;
				FRAMEWORK_SEARCH_PATHS = (
					"$(inherited)",
					"$(PROJECT_DIR)/MusicPlayer/Music/VKMusic/Library/Resources/Products/iOS",
					"$(PROJECT_DIR)/MusicPlayer",
					"$(PROJECT_DIR)/src",
					"$(PROJECT_DIR)",
				);
				INFOPLIST_FILE = MusicPlayer/Info.plist;
				IPHONEOS_DEPLOYMENT_TARGET = 10.0;
				LD_RUNPATH_SEARCH_PATHS = (
					"$(inherited)",
					"@executable_path/Frameworks",
				);
				PRODUCT_BUNDLE_IDENTIFIER = com.erbittuu.test;
				PRODUCT_NAME = "$(TARGET_NAME)";
				PROVISIONING_PROFILE = "";
				PROVISIONING_PROFILE_SPECIFIER = "";
				SWIFT_VERSION = 4.0;
				TARGETED_DEVICE_FAMILY = "1,2";
			};
			name = Release;
		};
/* End XCBuildConfiguration section */

/* Begin XCConfigurationList section */
		DE394FA52122F651006B29B2 /* Build configuration list for PBXProject "MusicPlayer" */ = {
			isa = XCConfigurationList;
			buildConfigurations = (
				DE394FBA2122F655006B29B2 /* Debug */,
				DE394FBB2122F655006B29B2 /* Release */,
			);
			defaultConfigurationIsVisible = 0;
			defaultConfigurationName = Release;
		};
		DE394FBC2122F655006B29B2 /* Build configuration list for PBXNativeTarget "MusicPlayer" */ = {
			isa = XCConfigurationList;
			buildConfigurations = (
				DE394FBD2122F655006B29B2 /* Debug */,
				DE394FBE2122F655006B29B2 /* Release */,
			);
			defaultConfigurationIsVisible = 0;
			defaultConfigurationName = Release;
		};
/* End XCConfigurationList section */
	};
	rootObject = DE394FA22122F651006B29B2 /* Project object */;
}
